
Microsoft Visual Studio Solution File, Format Version 12.00
# Visual Studio Version 17
VisualStudioVersion = 17.10.35027.167
MinimumVisualStudioVersion = 10.0.40219.1
Project("{FAE04EC0-301F-11D3-BF4B-00C04F79EFBC}") = "MVC-task3", "MVC-task3\MVC-task3.csproj", "{510AB8D0-7BE5-43A1-8A24-EB2CFE8EB90F}"
EndProject
Global
	GlobalSection(SolutionConfigurationPlatforms) = preSolution
		Debug|Any CPU = Debug|Any CPU
		Release|Any CPU = Release|Any CPU
	EndGlobalSection
	GlobalSection(ProjectConfigurationPlatforms) = postSolution
		{510AB8D0-7BE5-43A1-8A24-EB2CFE8EB90F}.Debug|Any CPU.ActiveCfg = Debug|Any CPU
		{510AB8D0-7BE5-43A1-8A24-EB2CFE8EB90F}.Debug|Any CPU.Build.0 = Debug|Any CPU
		{510AB8D0-7BE5-43A1-8A24-EB2CFE8EB90F}.Release|Any CPU.ActiveCfg = Release|Any CPU
		{510AB8D0-7BE5-43A1-8A24-EB2CFE8EB90F}.Release|Any CPU.Build.0 = Release|Any CPU
	EndGlobalSection
	GlobalSection(SolutionProperties) = preSolution
		HideSolutionNode = FALSE
	EndGlobalSection
	GlobalSection(ExtensibilityGlobals) = postSolution
		SolutionGuid = {FFFAF551-FD5A-4A3A-A3C9-3BE7823AC9C0}
	EndGlobalSection
EndGlobal
